// !$*UTF8*$!
{
	archiveVersion = 1;
	classes = {
	};
	objectVersion = 56;
	objects = {

/* Begin PBXBuildFile section */
		F6B389AE2B617DE1009B3F78 /* book_store_latestApp.swift in Sources */ = {isa = PBXBuildFile; fileRef = F6B389AD2B617DE1009B3F78 /* book_store_latestApp.swift */; };
		F6B389B02B617DE1009B3F78 /* ContentView.swift in Sources */ = {isa = PBXBuildFile; fileRef = F6B389AF2B617DE1009B3F78 /* ContentView.swift */; };
		F6B389B22B617DE2009B3F78 /* Assets.xcassets in Resources */ = {isa = PBXBuildFile; fileRef = F6B389B12B617DE2009B3F78 /* Assets.xcassets */; };
		F6B389B62B617DE2009B3F78 /* Preview Assets.xcassets in Resources */ = {isa = PBXBuildFile; fileRef = F6B389B52B617DE2009B3F78 /* Preview Assets.xcassets */; };
		F6B389C02B617DE2009B3F78 /* book_store_latestTests.swift in Sources */ = {isa = PBXBuildFile; fileRef = F6B389BF2B617DE2009B3F78 /* book_store_latestTests.swift */; };
		F6B389CA2B617DE2009B3F78 /* book_store_latestUITests.swift in Sources */ = {isa = PBXBuildFile; fileRef = F6B389C92B617DE2009B3F78 /* book_store_latestUITests.swift */; };
		F6B389CC2B617DE2009B3F78 /* book_store_latestUITestsLaunchTests.swift in Sources */ = {isa = PBXBuildFile; fileRef = F6B389CB2B617DE2009B3F78 /* book_store_latestUITestsLaunchTests.swift */; };
/* End PBXBuildFile section */

/* Begin PBXContainerItemProxy section */
		F6B389BC2B617DE2009B3F78 /* PBXContainerItemProxy */ = {
			isa = PBXContainerItemProxy;
			containerPortal = F6B389A22B617DE1009B3F78 /* Project object */;
			proxyType = 1;
			remoteGlobalIDString = F6B389A92B617DE1009B3F78;
			remoteInfo = "book_store latest";
		};
		F6B389C62B617DE2009B3F78 /* PBXContainerItemProxy */ = {
			isa = PBXContainerItemProxy;
			containerPortal = F6B389A22B617DE1009B3F78 /* Project object */;
			proxyType = 1;
			remoteGlobalIDString = F6B389A92B617DE1009B3F78;
			remoteInfo = "book_store latest";
		};
/* End PBXContainerItemProxy section */

/* Begin PBXFileReference section */
		F6B389AA2B617DE1009B3F78 /* book_store latest.app */ = {isa = PBXFileReference; explicitFileType = wrapper.application; includeInIndex = 0; path = "book_store latest.app"; sourceTree = BUILT_PRODUCTS_DIR; };
		F6B389AD2B617DE1009B3F78 /* book_store_latestApp.swift */ = {isa = PBXFileReference; lastKnownFileType = sourcecode.swift; path = book_store_latestApp.swift; sourceTree = "<group>"; };
		F6B389AF2B617DE1009B3F78 /* ContentView.swift */ = {isa = PBXFileReference; lastKnownFileType = sourcecode.swift; path = ContentView.swift; sourceTree = "<group>"; };
		F6B389B12B617DE2009B3F78 /* Assets.xcassets */ = {isa = PBXFileReference; lastKnownFileType = folder.assetcatalog; path = Assets.xcassets; sourceTree = "<group>"; };
		F6B389B32B617DE2009B3F78 /* book_store_latest.entitlements */ = {isa = PBXFileReference; lastKnownFileType = text.plist.entitlements; path = book_store_latest.entitlements; sourceTree = "<group>"; };
		F6B389B52B617DE2009B3F78 /* Preview Assets.xcassets */ = {isa = PBXFileReference; lastKnownFileType = folder.assetcatalog; path = "Preview Assets.xcassets"; sourceTree = "<group>"; };
		F6B389BB2B617DE2009B3F78 /* book_store latestTests.xctest */ = {isa = PBXFileReference; explicitFileType = wrapper.cfbundle; includeInIndex = 0; path = "book_store latestTests.xctest"; sourceTree = BUILT_PRODUCTS_DIR; };
		F6B389BF2B617DE2009B3F78 /* book_store_latestTests.swift */ = {isa = PBXFileReference; lastKnownFileType = sourcecode.swift; path = book_store_latestTests.swift; sourceTree = "<group>"; };
		F6B389C52B617DE2009B3F78 /* book_store latestUITests.xctest */ = {isa = PBXFileReference; explicitFileType = wrapper.cfbundle; includeInIndex = 0; path = "book_store latestUITests.xctest"; sourceTree = BUILT_PRODUCTS_DIR; };
		F6B389C92B617DE2009B3F78 /* book_store_latestUITests.swift */ = {isa = PBXFileReference; lastKnownFileType = sourcecode.swift; path = book_store_latestUITests.swift; sourceTree = "<group>"; };
		F6B389CB2B617DE2009B3F78 /* book_store_latestUITestsLaunchTests.swift */ = {isa = PBXFileReference; lastKnownFileType = sourcecode.swift; path = book_store_latestUITestsLaunchTests.swift; sourceTree = "<group>"; };
/* End PBXFileReference section */

/* Begin PBXFrameworksBuildPhase section */
		F6B389A72B617DE1009B3F78 /* Frameworks */ = {
			isa = PBXFrameworksBuildPhase;
			buildActionMask = 2147483647;
			files = (
			);
			runOnlyForDeploymentPostprocessing = 0;
		};
		F6B389B82B617DE2009B3F78 /* Frameworks */ = {
			isa = PBXFrameworksBuildPhase;
			buildActionMask = 2147483647;
			files = (
			);
			runOnlyForDeploymentPostprocessing = 0;
		};
		F6B389C22B617DE2009B3F78 /* Frameworks */ = {
			isa = PBXFrameworksBuildPhase;
			buildActionMask = 2147483647;
			files = (
			);
			runOnlyForDeploymentPostprocessing = 0;
		};
/* End PBXFrameworksBuildPhase section */

/* Begin PBXGroup section */
		F6B389A12B617DE1009B3F78 = {
			isa = PBXGroup;
			children = (
				F6B389AC2B617DE1009B3F78 /* book_store latest */,
				F6B389BE2B617DE2009B3F78 /* book_store latestTests */,
				F6B389C82B617DE2009B3F78 /* book_store latestUITests */,
				F6B389AB2B617DE1009B3F78 /* Products */,
			);
			sourceTree = "<group>";
		};
		F6B389AB2B617DE1009B3F78 /* Products */ = {
			isa = PBXGroup;
			children = (
				F6B389AA2B617DE1009B3F78 /* book_store latest.app */,
				F6B389BB2B617DE2009B3F78 /* book_store latestTests.xctest */,
				F6B389C52B617DE2009B3F78 /* book_store latestUITests.xctest */,
			);
			name = Products;
			sourceTree = "<group>";
		};
		F6B389AC2B617DE1009B3F78 /* book_store latest */ = {
			isa = PBXGroup;
			children = (
				F6B389AD2B617DE1009B3F78 /* book_store_latestApp.swift */,
				F6B389AF2B617DE1009B3F78 /* ContentView.swift */,
				F6B389B12B617DE2009B3F78 /* Assets.xcassets */,
				F6B389B32B617DE2009B3F78 /* book_store_latest.entitlements */,
				F6B389B42B617DE2009B3F78 /* Preview Content */,
			);
			path = "book_store latest";
			sourceTree = "<group>";
		};
		F6B389B42B617DE2009B3F78 /* Preview Content */ = {
			isa = PBXGroup;
			children = (
				F6B389B52B617DE2009B3F78 /* Preview Assets.xcassets */,
			);
			path = "Preview Content";
			sourceTree = "<group>";
		};
		F6B389BE2B617DE2009B3F78 /* book_store latestTests */ = {
			isa = PBXGroup;
			children = (
				F6B389BF2B617DE2009B3F78 /* book_store_latestTests.swift */,
			);
			path = "book_store latestTests";
			sourceTree = "<group>";
		};
		F6B389C82B617DE2009B3F78 /* book_store latestUITests */ = {
			isa = PBXGroup;
			children = (
				F6B389C92B617DE2009B3F78 /* book_store_latestUITests.swift */,
				F6B389CB2B617DE2009B3F78 /* book_store_latestUITestsLaunchTests.swift */,
			);
			path = "book_store latestUITests";
			sourceTree = "<group>";
		};
/* End PBXGroup section */

/* Begin PBXNativeTarget section */
		F6B389A92B617DE1009B3F78 /* book_store latest */ = {
			isa = PBXNativeTarget;
			buildConfigurationList = F6B389CF2B617DE2009B3F78 /* Build configuration list for PBXNativeTarget "book_store latest" */;
			buildPhases = (
				F6B389A62B617DE1009B3F78 /* Sources */,
				F6B389A72B617DE1009B3F78 /* Frameworks */,
				F6B389A82B617DE1009B3F78 /* Resources */,
			);
			buildRules = (
			);
			dependencies = (
			);
			name = "book_store latest";
			productName = "book_store latest";
			productReference = F6B389AA2B617DE1009B3F78 /* book_store latest.app */;
			productType = "com.apple.product-type.application";
		};
		F6B389BA2B617DE2009B3F78 /* book_store latestTests */ = {
			isa = PBXNativeTarget;
			buildConfigurationList = F6B389D22B617DE2009B3F78 /* Build configuration list for PBXNativeTarget "book_store latestTests" */;
			buildPhases = (
				F6B389B72B617DE2009B3F78 /* Sources */,
				F6B389B82B617DE2009B3F78 /* Frameworks */,
				F6B389B92B617DE2009B3F78 /* Resources */,
			);
			buildRules = (
			);
			dependencies = (
				F6B389BD2B617DE2009B3F78 /* PBXTargetDependency */,
			);
			name = "book_store latestTests";
			productName = "book_store latestTests";
			productReference = F6B389BB2B617DE2009B3F78 /* book_store latestTests.xctest */;
			productType = "com.apple.product-type.bundle.unit-test";
		};
		F6B389C42B617DE2009B3F78 /* book_store latestUITests */ = {
			isa = PBXNativeTarget;
			buildConfigurationList = F6B389D52B617DE2009B3F78 /* Build configuration list for PBXNativeTarget "book_store latestUITests" */;
			buildPhases = (
				F6B389C12B617DE2009B3F78 /* Sources */,
				F6B389C22B617DE2009B3F78 /* Frameworks */,
				F6B389C32B617DE2009B3F78 /* Resources */,
			);
			buildRules = (
			);
			dependencies = (
				F6B389C72B617DE2009B3F78 /* PBXTargetDependency */,
			);
			name = "book_store latestUITests";
			productName = "book_store latestUITests";
			productReference = F6B389C52B617DE2009B3F78 /* book_store latestUITests.xctest */;
			productType = "com.apple.product-type.bundle.ui-testing";
		};
/* End PBXNativeTarget section */

/* Begin PBXProject section */
		F6B389A22B617DE1009B3F78 /* Project object */ = {
			isa = PBXProject;
			attributes = {
				BuildIndependentTargetsInParallel = 1;
				LastSwiftUpdateCheck = 1520;
				LastUpgradeCheck = 1520;
				TargetAttributes = {
					F6B389A92B617DE1009B3F78 = {
						CreatedOnToolsVersion = 15.2;
					};
					F6B389BA2B617DE2009B3F78 = {
						CreatedOnToolsVersion = 15.2;
						TestTargetID = F6B389A92B617DE1009B3F78;
					};
					F6B389C42B617DE2009B3F78 = {
						CreatedOnToolsVersion = 15.2;
						TestTargetID = F6B389A92B617DE1009B3F78;
					};
				};
			};
			buildConfigurationList = F6B389A52B617DE1009B3F78 /* Build configuration list for PBXProject "book_store latest" */;
			compatibilityVersion = "Xcode 14.0";
			developmentRegion = en;
			hasScannedForEncodings = 0;
			knownRegions = (
				en,
				Base,
			);
			mainGroup = F6B389A12B617DE1009B3F78;
			productRefGroup = F6B389AB2B617DE1009B3F78 /* Products */;
			projectDirPath = "";
			projectRoot = "";
			targets = (
				F6B389A92B617DE1009B3F78 /* book_store latest */,
				F6B389BA2B617DE2009B3F78 /* book_store latestTests */,
				F6B389C42B617DE2009B3F78 /* book_store latestUITests */,
			);
		};
/* End PBXProject section */

/* Begin PBXResourcesBuildPhase section */
		F6B389A82B617DE1009B3F78 /* Resources */ = {
			isa = PBXResourcesBuildPhase;
			buildActionMask = 2147483647;
			files = (
				F6B389B62B617DE2009B3F78 /* Preview Assets.xcassets in Resources */,
				F6B389B22B617DE2009B3F78 /* Assets.xcassets in Resources */,
			);
			runOnlyForDeploymentPostprocessing = 0;
		};
		F6B389B92B617DE2009B3F78 /* Resources */ = {
			isa = PBXResourcesBuildPhase;
			buildActionMask = 2147483647;
			files = (
			);
			runOnlyForDeploymentPostprocessing = 0;
		};
		F6B389C32B617DE2009B3F78 /* Resources */ = {
			isa = PBXResourcesBuildPhase;
			buildActionMask = 2147483647;
			files = (
			);
			runOnlyForDeploymentPostprocessing = 0;
		};
/* End PBXResourcesBuildPhase section */

/* Begin PBXSourcesBuildPhase section */
		F6B389A62B617DE1009B3F78 /* Sources */ = {
			isa = PBXSourcesBuildPhase;
			buildActionMask = 2147483647;
			files = (
				F6B389B02B617DE1009B3F78 /* ContentView.swift in Sources */,
				F6B389AE2B617DE1009B3F78 /* book_store_latestApp.swift in Sources */,
			);
			runOnlyForDeploymentPostprocessing = 0;
		};
		F6B389B72B617DE2009B3F78 /* Sources */ = {
			isa = PBXSourcesBuildPhase;
			buildActionMask = 2147483647;
			files = (
				F6B389C02B617DE2009B3F78 /* book_store_latestTests.swift in Sources */,
			);
			runOnlyForDeploymentPostprocessing = 0;
		};
		F6B389C12B617DE2009B3F78 /* Sources */ = {
			isa = PBXSourcesBuildPhase;
			buildActionMask = 2147483647;
			files = (
				F6B389CC2B617DE2009B3F78 /* book_store_latestUITestsLaunchTests.swift in Sources */,
				F6B389CA2B617DE2009B3F78 /* book_store_latestUITests.swift in Sources */,
			);
			runOnlyForDeploymentPostprocessing = 0;
		};
/* End PBXSourcesBuildPhase section */

/* Begin PBXTargetDependency section */
		F6B389BD2B617DE2009B3F78 /* PBXTargetDependency */ = {
			isa = PBXTargetDependency;
			target = F6B389A92B617DE1009B3F78 /* book_store latest */;
			targetProxy = F6B389BC2B617DE2009B3F78 /* PBXContainerItemProxy */;
		};
		F6B389C72B617DE2009B3F78 /* PBXTargetDependency */ = {
			isa = PBXTargetDependency;
			target = F6B389A92B617DE1009B3F78 /* book_store latest */;
			targetProxy = F6B389C62B617DE2009B3F78 /* PBXContainerItemProxy */;
		};
/* End PBXTargetDependency section */

/* Begin XCBuildConfiguration section */
		F6B389CD2B617DE2009B3F78 /* Debug */ = {
			isa = XCBuildConfiguration;
			buildSettings = {
				ALWAYS_SEARCH_USER_PATHS = NO;
				ASSETCATALOG_COMPILER_GENERATE_SWIFT_ASSET_SYMBOL_EXTENSIONS = YES;
				CLANG_ANALYZER_NONNULL = YES;
				CLANG_ANALYZER_NUMBER_OBJECT_CONVERSION = YES_AGGRESSIVE;
				CLANG_CXX_LANGUAGE_STANDARD = "gnu++20";
				CLANG_ENABLE_MODULES = YES;
				CLANG_ENABLE_OBJC_ARC = YES;
				CLANG_ENABLE_OBJC_WEAK = YES;
				CLANG_WARN_BLOCK_CAPTURE_AUTORELEASING = YES;
				CLANG_WARN_BOOL_CONVERSION = YES;
				CLANG_WARN_COMMA = YES;
				CLANG_WARN_CONSTANT_CONVERSION = YES;
				CLANG_WARN_DEPRECATED_OBJC_IMPLEMENTATIONS = YES;
				CLANG_WARN_DIRECT_OBJC_ISA_USAGE = YES_ERROR;
				CLANG_WARN_DOCUMENTATION_COMMENTS = YES;
				CLANG_WARN_EMPTY_BODY = YES;
				CLANG_WARN_ENUM_CONVERSION = YES;
				CLANG_WARN_INFINITE_RECURSION = YES;
				CLANG_WARN_INT_CONVERSION = YES;
				CLANG_WARN_NON_LITERAL_NULL_CONVERSION = YES;
				CLANG_WARN_OBJC_IMPLICIT_RETAIN_SELF = YES;
				CLANG_WARN_OBJC_LITERAL_CONVERSION = YES;
				CLANG_WARN_OBJC_ROOT_CLASS = YES_ERROR;
				CLANG_WARN_QUOTED_INCLUDE_IN_FRAMEWORK_HEADER = YES;
				CLANG_WARN_RANGE_LOOP_ANALYSIS = YES;
				CLANG_WARN_STRICT_PROTOTYPES = YES;
				CLANG_WARN_SUSPICIOUS_MOVE = YES;
				CLANG_WARN_UNGUARDED_AVAILABILITY = YES_AGGRESSIVE;
				CLANG_WARN_UNREACHABLE_CODE = YES;
				CLANG_WARN__DUPLICATE_METHOD_MATCH = YES;
				COPY_PHASE_STRIP = NO;
				DEBUG_INFORMATION_FORMAT = dwarf;
				ENABLE_STRICT_OBJC_MSGSEND = YES;
				ENABLE_TESTABILITY = YES;
				ENABLE_USER_SCRIPT_SANDBOXING = YES;
				GCC_C_LANGUAGE_STANDARD = gnu17;
				GCC_DYNAMIC_NO_PIC = NO;
				GCC_NO_COMMON_BLOCKS = YES;
				GCC_OPTIMIZATION_LEVEL = 0;
				GCC_PREPROCESSOR_DEFINITIONS = (
					"DEBUG=1",
					"$(inherited)",
				);
				GCC_WARN_64_TO_32_BIT_CONVERSION = YES;
				GCC_WARN_ABOUT_RETURN_TYPE = YES_ERROR;
				GCC_WARN_UNDECLARED_SELECTOR = YES;
				GCC_WARN_UNINITIALIZED_AUTOS = YES_AGGRESSIVE;
				GCC_WARN_UNUSED_FUNCTION = YES;
				GCC_WARN_UNUSED_VARIABLE = YES;
				IPHONEOS_DEPLOYMENT_TARGET = 17.2;
				LOCALIZATION_PREFERS_STRING_CATALOGS = YES;
				MACOSX_DEPLOYMENT_TARGET = 14.2;
				MTL_ENABLE_DEBUG_INFO = INCLUDE_SOURCE;
				MTL_FAST_MATH = YES;
				ONLY_ACTIVE_ARCH = YES;
				SWIFT_ACTIVE_COMPILATION_CONDITIONS = "DEBUG $(inherited)";
				SWIFT_OPTIMIZATION_LEVEL = "-Onone";
			};
			name = Debug;
		};
		F6B389CE2B617DE2009B3F78 /* Release */ = {
			isa = XCBuildConfiguration;
			buildSettings = {
				ALWAYS_SEARCH_USER_PATHS = NO;
				ASSETCATALOG_COMPILER_GENERATE_SWIFT_ASSET_SYMBOL_EXTENSIONS = YES;
				CLANG_ANALYZER_NONNULL = YES;
				CLANG_ANALYZER_NUMBER_OBJECT_CONVERSION = YES_AGGRESSIVE;
				CLANG_CXX_LANGUAGE_STANDARD = "gnu++20";
				CLANG_ENABLE_MODULES = YES;
				CLANG_ENABLE_OBJC_ARC = YES;
				CLANG_ENABLE_OBJC_WEAK = YES;
				CLANG_WARN_BLOCK_CAPTURE_AUTORELEASING = YES;
				CLANG_WARN_BOOL_CONVERSION = YES;
				CLANG_WARN_COMMA = YES;
				CLANG_WARN_CONSTANT_CONVERSION = YES;
				CLANG_WARN_DEPRECATED_OBJC_IMPLEMENTATIONS = YES;
				CLANG_WARN_DIRECT_OBJC_ISA_USAGE = YES_ERROR;
				CLANG_WARN_DOCUMENTATION_COMMENTS = YES;
				CLANG_WARN_EMPTY_BODY = YES;
				CLANG_WARN_ENUM_CONVERSION = YES;
				CLANG_WARN_INFINITE_RECURSION = YES;
				CLANG_WARN_INT_CONVERSION = YES;
				CLANG_WARN_NON_LITERAL_NULL_CONVERSION = YES;
				CLANG_WARN_OBJC_IMPLICIT_RETAIN_SELF = YES;
				CLANG_WARN_OBJC_LITERAL_CONVERSION = YES;
				CLANG_WARN_OBJC_ROOT_CLASS = YES_ERROR;
				CLANG_WARN_QUOTED_INCLUDE_IN_FRAMEWORK_HEADER = YES;
				CLANG_WARN_RANGE_LOOP_ANALYSIS = YES;
				CLANG_WARN_STRICT_PROTOTYPES = YES;
				CLANG_WARN_SUSPICIOUS_MOVE = YES;
				CLANG_WARN_UNGUARDED_AVAILABILITY = YES_AGGRESSIVE;
				CLANG_WARN_UNREACHABLE_CODE = YES;
				CLANG_WARN__DUPLICATE_METHOD_MATCH = YES;
				COPY_PHASE_STRIP = NO;
				DEBUG_INFORMATION_FORMAT = "dwarf-with-dsym";
				ENABLE_NS_ASSERTIONS = NO;
				ENABLE_STRICT_OBJC_MSGSEND = YES;
				ENABLE_USER_SCRIPT_SANDBOXING = YES;
				GCC_C_LANGUAGE_STANDARD = gnu17;
				GCC_NO_COMMON_BLOCKS = YES;
				GCC_WARN_64_TO_32_BIT_CONVERSION = YES;
				GCC_WARN_ABOUT_RETURN_TYPE = YES_ERROR;
				GCC_WARN_UNDECLARED_SELECTOR = YES;
				GCC_WARN_UNINITIALIZED_AUTOS = YES_AGGRESSIVE;
				GCC_WARN_UNUSED_FUNCTION = YES;
				GCC_WARN_UNUSED_VARIABLE = YES;
				IPHONEOS_DEPLOYMENT_TARGET = 17.2;
				LOCALIZATION_PREFERS_STRING_CATALOGS = YES;
				MACOSX_DEPLOYMENT_TARGET = 14.2;
				MTL_ENABLE_DEBUG_INFO = NO;
				MTL_FAST_MATH = YES;
				SWIFT_COMPILATION_MODE = wholemodule;
			};
			name = Release;
		};
		F6B389D02B617DE2009B3F78 /* Debug */ = {
			isa = XCBuildConfiguration;
			buildSettings = {
				ASSETCATALOG_COMPILER_APPICON_NAME = AppIcon;
				ASSETCATALOG_COMPILER_GLOBAL_ACCENT_COLOR_NAME = AccentColor;
				CODE_SIGN_ENTITLEMENTS = "book_store latest/book_store_latest.entitlements";
				CODE_SIGN_STYLE = Automatic;
				CURRENT_PROJECT_VERSION = 1;
				DEVELOPMENT_ASSET_PATHS = "\"book_store latest/Preview Content\"";
				DEVELOPMENT_TEAM = 2795PNYQ5A;
				ENABLE_HARDENED_RUNTIME = YES;
				ENABLE_PREVIEWS = YES;
				GENERATE_INFOPLIST_FILE = YES;
				"INFOPLIST_KEY_UIApplicationSceneManifest_Generation[sdk=iphoneos*]" = YES;
				"INFOPLIST_KEY_UIApplicationSceneManifest_Generation[sdk=iphonesimulator*]" = YES;
				"INFOPLIST_KEY_UIApplicationSupportsIndirectInputEvents[sdk=iphoneos*]" = YES;
				"INFOPLIST_KEY_UIApplicationSupportsIndirectInputEvents[sdk=iphonesimulator*]" = YES;
				"INFOPLIST_KEY_UILaunchScreen_Generation[sdk=iphoneos*]" = YES;
				"INFOPLIST_KEY_UILaunchScreen_Generation[sdk=iphonesimulator*]" = YES;
				"INFOPLIST_KEY_UIStatusBarStyle[sdk=iphoneos*]" = UIStatusBarStyleDefault;
				"INFOPLIST_KEY_UIStatusBarStyle[sdk=iphonesimulator*]" = UIStatusBarStyleDefault;
				INFOPLIST_KEY_UISupportedInterfaceOrientations_iPad = "UIInterfaceOrientationPortrait UIInterfaceOrientationPortraitUpsideDown UIInterfaceOrientationLandscapeLeft UIInterfaceOrientationLandscapeRight";
				INFOPLIST_KEY_UISupportedInterfaceOrientations_iPhone = "UIInterfaceOrientationPortrait UIInterfaceOrientationLandscapeLeft UIInterfaceOrientationLandscapeRight";
				IPHONEOS_DEPLOYMENT_TARGET = 17.2;
				LD_RUNPATH_SEARCH_PATHS = "@executable_path/Frameworks";
				"LD_RUNPATH_SEARCH_PATHS[sdk=macosx*]" = "@executable_path/../Frameworks";
				MACOSX_DEPLOYMENT_TARGET = 14.2;
				MARKETING_VERSION = 1.0;
				PRODUCT_BUNDLE_IDENTIFIER = "com.hoolyhi.book-store-latest";
				PRODUCT_NAME = "$(TARGET_NAME)";
				SDKROOT = auto;
				SUPPORTED_PLATFORMS = "iphoneos iphonesimulator macosx";
				SWIFT_EMIT_LOC_STRINGS = YES;
				SWIFT_VERSION = 5.0;
				TARGETED_DEVICE_FAMILY = "1,2";
			};
			name = Debug;
		};
		F6B389D12B617DE2009B3F78 /* Release */ = {
			isa = XCBuildConfiguration;
			buildSettings = {
				ASSETCATALOG_COMPILER_APPICON_NAME = AppIcon;
				ASSETCATALOG_COMPILER_GLOBAL_ACCENT_COLOR_NAME = AccentColor;
				CODE_SIGN_ENTITLEMENTS = "book_store latest/book_store_latest.entitlements";
				CODE_SIGN_STYLE = Automatic;
				CURRENT_PROJECT_VERSION = 1;
				DEVELOPMENT_ASSET_PATHS = "\"book_store latest/Preview Content\"";
				DEVELOPMENT_TEAM = 2795PNYQ5A;
				ENABLE_HARDENED_RUNTIME = YES;
				ENABLE_PREVIEWS = YES;
				GENERATE_INFOPLIST_FILE = YES;
				"INFOPLIST_KEY_UIApplicationSceneManifest_Generation[sdk=iphoneos*]" = YES;
				"INFOPLIST_KEY_UIApplicationSceneManifest_Generation[sdk=iphonesimulator*]" = YES;
				"INFOPLIST_KEY_UIApplicationSupportsIndirectInputEvents[sdk=iphoneos*]" = YES;
				"INFOPLIST_KEY_UIApplicationSupportsIndirectInputEvents[sdk=iphonesimulator*]" = YES;
				"INFOPLIST_KEY_UILaunchScreen_Generation[sdk=iphoneos*]" = YES;
				"INFOPLIST_KEY_UILaunchScreen_Generation[sdk=iphonesimulator*]" = YES;
				"INFOPLIST_KEY_UIStatusBarStyle[sdk=iphoneos*]" = UIStatusBarStyleDefault;
				"INFOPLIST_KEY_UIStatusBarStyle[sdk=iphonesimulator*]" = UIStatusBarStyleDefault;
				INFOPLIST_KEY_UISupportedInterfaceOrientations_iPad = "UIInterfaceOrientationPortrait UIInterfaceOrientationPortraitUpsideDown UIInterfaceOrientationLandscapeLeft UIInterfaceOrientationLandscapeRight";
				INFOPLIST_KEY_UISupportedInterfaceOrientations_iPhone = "UIInterfaceOrientationPortrait UIInterfaceOrientationLandscapeLeft UIInterfaceOrientationLandscapeRight";
				IPHONEOS_DEPLOYMENT_TARGET = 17.2;
				LD_RUNPATH_SEARCH_PATHS = "@executable_path/Frameworks";
				"LD_RUNPATH_SEARCH_PATHS[sdk=macosx*]" = "@executable_path/../Frameworks";
				MACOSX_DEPLOYMENT_TARGET = 14.2;
				MARKETING_VERSION = 1.0;
				PRODUCT_BUNDLE_IDENTIFIER = "com.hoolyhi.book-store-latest";
				PRODUCT_NAME = "$(TARGET_NAME)";
				SDKROOT = auto;
				SUPPORTED_PLATFORMS = "iphoneos iphonesimulator macosx";
				SWIFT_EMIT_LOC_STRINGS = YES;
				SWIFT_VERSION = 5.0;
				TARGETED_DEVICE_FAMILY = "1,2";
			};
			name = Release;
		};
		F6B389D32B617DE2009B3F78 /* Debug */ = {
			isa = XCBuildConfiguration;
			buildSettings = {
				ALWAYS_EMBED_SWIFT_STANDARD_LIBRARIES = YES;
				BUNDLE_LOADER = "$(TEST_HOST)";
				CODE_SIGN_STYLE = Automatic;
				CURRENT_PROJECT_VERSION = 1;
				DEVELOPMENT_TEAM = 2795PNYQ5A;
				GENERATE_INFOPLIST_FILE = YES;
				IPHONEOS_DEPLOYMENT_TARGET = 17.2;
				MACOSX_DEPLOYMENT_TARGET = 14.2;
				MARKETING_VERSION = 1.0;
				PRODUCT_BUNDLE_IDENTIFIER = "com.hoolyhi.book-store-latestTests";
				PRODUCT_NAME = "$(TARGET_NAME)";
				SDKROOT = auto;
				SUPPORTED_PLATFORMS = "iphoneos iphonesimulator macosx";
				SWIFT_EMIT_LOC_STRINGS = NO;
				SWIFT_VERSION = 5.0;
				TARGETED_DEVICE_FAMILY = "1,2";
				TEST_HOST = "$(BUILT_PRODUCTS_DIR)/book_store latest.app/$(BUNDLE_EXECUTABLE_FOLDER_PATH)/book_store latest";
			};
			name = Debug;
		};
		F6B389D42B617DE2009B3F78 /* Release */ = {
			isa = XCBuildConfiguration;
			buildSettings = {
				ALWAYS_EMBED_SWIFT_STANDARD_LIBRARIES = YES;
				BUNDLE_LOADER = "$(TEST_HOST)";
				CODE_SIGN_STYLE = Automatic;
				CURRENT_PROJECT_VERSION = 1;
				DEVELOPMENT_TEAM = 2795PNYQ5A;
				GENERATE_INFOPLIST_FILE = YES;
				IPHONEOS_DEPLOYMENT_TARGET = 17.2;
				MACOSX_DEPLOYMENT_TARGET = 14.2;
				MARKETING_VERSION = 1.0;
				PRODUCT_BUNDLE_IDENTIFIER = "com.hoolyhi.book-store-latestTests";
				PRODUCT_NAME = "$(TARGET_NAME)";
				SDKROOT = auto;
				SUPPORTED_PLATFORMS = "iphoneos iphonesimulator macosx";
				SWIFT_EMIT_LOC_STRINGS = NO;
				SWIFT_VERSION = 5.0;
				TARGETED_DEVICE_FAMILY = "1,2";
				TEST_HOST = "$(BUILT_PRODUCTS_DIR)/book_store latest.app/$(BUNDLE_EXECUTABLE_FOLDER_PATH)/book_store latest";
			};
			name = Release;
		};
		F6B389D62B617DE2009B3F78 /* Debug */ = {
			isa = XCBuildConfiguration;
			buildSettings = {
				ALWAYS_EMBED_SWIFT_STANDARD_LIBRARIES = YES;
				CODE_SIGN_STYLE = Automatic;
				CURRENT_PROJECT_VERSION = 1;
				DEVELOPMENT_TEAM = 2795PNYQ5A;
				GENERATE_INFOPLIST_FILE = YES;
				IPHONEOS_DEPLOYMENT_TARGET = 17.2;
				MACOSX_DEPLOYMENT_TARGET = 14.2;
				MARKETING_VERSION = 1.0;
				PRODUCT_BUNDLE_IDENTIFIER = "com.hoolyhi.book-store-latestUITests";
				PRODUCT_NAME = "$(TARGET_NAME)";
				SDKROOT = auto;
				SUPPORTED_PLATFORMS = "iphoneos iphonesimulator macosx";
				SWIFT_EMIT_LOC_STRINGS = NO;
				SWIFT_VERSION = 5.0;
				TARGETED_DEVICE_FAMILY = "1,2";
				TEST_TARGET_NAME = "book_store latest";
			};
			name = Debug;
		};
		F6B389D72B617DE2009B3F78 /* Release */ = {
			isa = XCBuildConfiguration;
			buildSettings = {
				ALWAYS_EMBED_SWIFT_STANDARD_LIBRARIES = YES;
				CODE_SIGN_STYLE = Automatic;
				CURRENT_PROJECT_VERSION = 1;
				DEVELOPMENT_TEAM = 2795PNYQ5A;
				GENERATE_INFOPLIST_FILE = YES;
				IPHONEOS_DEPLOYMENT_TARGET = 17.2;
				MACOSX_DEPLOYMENT_TARGET = 14.2;
				MARKETING_VERSION = 1.0;
				PRODUCT_BUNDLE_IDENTIFIER = "com.hoolyhi.book-store-latestUITests";
				PRODUCT_NAME = "$(TARGET_NAME)";
				SDKROOT = auto;
				SUPPORTED_PLATFORMS = "iphoneos iphonesimulator macosx";
				SWIFT_EMIT_LOC_STRINGS = NO;
				SWIFT_VERSION = 5.0;
				TARGETED_DEVICE_FAMILY = "1,2";
				TEST_TARGET_NAME = "book_store latest";
			};
			name = Release;
		};
/* End XCBuildConfiguration section */

/* Begin XCConfigurationList section */
		F6B389A52B617DE1009B3F78 /* Build configuration list for PBXProject "book_store latest" */ = {
			isa = XCConfigurationList;
			buildConfigurations = (
				F6B389CD2B617DE2009B3F78 /* Debug */,
				F6B389CE2B617DE2009B3F78 /* Release */,
			);
			defaultConfigurationIsVisible = 0;
			defaultConfigurationName = Release;
		};
		F6B389CF2B617DE2009B3F78 /* Build configuration list for PBXNativeTarget "book_store latest" */ = {
			isa = XCConfigurationList;
			buildConfigurations = (
				F6B389D02B617DE2009B3F78 /* Debug */,
				F6B389D12B617DE2009B3F78 /* Release */,
			);
			defaultConfigurationIsVisible = 0;
			defaultConfigurationName = Release;
		};
		F6B389D22B617DE2009B3F78 /* Build configuration list for PBXNativeTarget "book_store latestTests" */ = {
			isa = XCConfigurationList;
			buildConfigurations = (
				F6B389D32B617DE2009B3F78 /* Debug */,
				F6B389D42B617DE2009B3F78 /* Release */,
			);
			defaultConfigurationIsVisible = 0;
			defaultConfigurationName = Release;
		};
		F6B389D52B617DE2009B3F78 /* Build configuration list for PBXNativeTarget "book_store latestUITests" */ = {
			isa = XCConfigurationList;
			buildConfigurations = (
				F6B389D62B617DE2009B3F78 /* Debug */,
				F6B389D72B617DE2009B3F78 /* Release */,
			);
			defaultConfigurationIsVisible = 0;
			defaultConfigurationName = Release;
		};
/* End XCConfigurationList section */
	};
	rootObject = F6B389A22B617DE1009B3F78 /* Project object */;
}
